
Microsoft Visual Studio Solution File, Format Version 12.00
# Visual Studio Version 16
VisualStudioVersion = 16.0.29025.244
MinimumVisualStudioVersion = 10.0.40219.1
Project("{2150E333-8FDC-42A3-9474-1A3956D46DE8}") = "PL", "PL", "{6599235A-8EAC-49D1-9463-80F04A190C36}"
EndProject
Project("{2150E333-8FDC-42A3-9474-1A3956D46DE8}") = "BLL", "BLL", "{C5488C81-B45E-4DAD-ACFE-85686AEF3ED0}"
EndProject
Project("{2150E333-8FDC-42A3-9474-1A3956D46DE8}") = "DAL", "DAL", "{BA1118D7-8A55-4C78-8A4B-452C8453B39A}"
EndProject
Project("{2150E333-8FDC-42A3-9474-1A3956D46DE8}") = "Dependencies", "Dependencies", "{D9BFE19F-0E32-4F0E-9254-328B235FAFBB}"
EndProject
Project("{9A19103F-16F7-4668-BE54-9A1E7A4F7556}") = "6.1_Users_and_awards.Entities", "6.1_Users_and_awards.Entities\6.1_Users_and_awards.Entities.csproj", "{53DDCE5F-6BAF-454B-B499-E7E4D160D93C}"
EndProject
Project("{9A19103F-16F7-4668-BE54-9A1E7A4F7556}") = "6.1_Users_and_awards.Dependencies", "6.1_Users_and_awards.Dependencies\6.1_Users_and_awards.Dependencies.csproj", "{5F3270EA-1CEC-4155-B4C3-7C19574F480D}"
EndProject
Project("{9A19103F-16F7-4668-BE54-9A1E7A4F7556}") = "6.1_Users_and_awards.DAL", "6.1_Users_and_awards.DAL\6.1_Users_and_awards.DAL.csproj", "{07AE09D4-D4F3-4181-AE27-B2F0CD00B69C}"
EndProject
Project("{9A19103F-16F7-4668-BE54-9A1E7A4F7556}") = "6.1_Users_and_awards.BLL", "6.1_Users_and_awards.BLL\6.1_Users_and_awards.BLL.csproj", "{7092AD6E-98AF-4BB3-AB9C-A0FA858E8B0C}"
EndProject
Project("{FAE04EC0-301F-11D3-BF4B-00C04F79EFBC}") = "6.1_Users_and_awards.PL", "6.1_Users_and_awards.PL\6.1_Users_and_awards.PL.csproj", "{A480D7B2-2AA1-4587-8FDF-E381F49CF08B}"
EndProject
Project("{FAE04EC0-301F-11D3-BF4B-00C04F79EFBC}") = "6.1_Users_and_awards.WEB", "6.1_Users_and_awards.WEB\6.1_Users_and_awards.WEB.csproj", "{A4BD6554-FDA1-4452-95C1-D1994CA3C6B8}"
EndProject
Global
	GlobalSection(SolutionConfigurationPlatforms) = preSolution
		Debug|Any CPU = Debug|Any CPU
		Release|Any CPU = Release|Any CPU
	EndGlobalSection
	GlobalSection(ProjectConfigurationPlatforms) = postSolution
		{53DDCE5F-6BAF-454B-B499-E7E4D160D93C}.Debug|Any CPU.ActiveCfg = Debug|Any CPU
		{53DDCE5F-6BAF-454B-B499-E7E4D160D93C}.Debug|Any CPU.Build.0 = Debug|Any CPU
		{53DDCE5F-6BAF-454B-B499-E7E4D160D93C}.Release|Any CPU.ActiveCfg = Release|Any CPU
		{53DDCE5F-6BAF-454B-B499-E7E4D160D93C}.Release|Any CPU.Build.0 = Release|Any CPU
		{5F3270EA-1CEC-4155-B4C3-7C19574F480D}.Debug|Any CPU.ActiveCfg = Debug|Any CPU
		{5F3270EA-1CEC-4155-B4C3-7C19574F480D}.Debug|Any CPU.Build.0 = Debug|Any CPU
		{5F3270EA-1CEC-4155-B4C3-7C19574F480D}.Release|Any CPU.ActiveCfg = Release|Any CPU
		{5F3270EA-1CEC-4155-B4C3-7C19574F480D}.Release|Any CPU.Build.0 = Release|Any CPU
		{07AE09D4-D4F3-4181-AE27-B2F0CD00B69C}.Debug|Any CPU.ActiveCfg = Debug|Any CPU
		{07AE09D4-D4F3-4181-AE27-B2F0CD00B69C}.Debug|Any CPU.Build.0 = Debug|Any CPU
		{07AE09D4-D4F3-4181-AE27-B2F0CD00B69C}.Release|Any CPU.ActiveCfg = Release|Any CPU
		{07AE09D4-D4F3-4181-AE27-B2F0CD00B69C}.Release|Any CPU.Build.0 = Release|Any CPU
		{7092AD6E-98AF-4BB3-AB9C-A0FA858E8B0C}.Debug|Any CPU.ActiveCfg = Debug|Any CPU
		{7092AD6E-98AF-4BB3-AB9C-A0FA858E8B0C}.Debug|Any CPU.Build.0 = Debug|Any CPU
		{7092AD6E-98AF-4BB3-AB9C-A0FA858E8B0C}.Release|Any CPU.ActiveCfg = Release|Any CPU
		{7092AD6E-98AF-4BB3-AB9C-A0FA858E8B0C}.Release|Any CPU.Build.0 = Release|Any CPU
		{A480D7B2-2AA1-4587-8FDF-E381F49CF08B}.Debug|Any CPU.ActiveCfg = Debug|Any CPU
		{A480D7B2-2AA1-4587-8FDF-E381F49CF08B}.Debug|Any CPU.Build.0 = Debug|Any CPU
		{A480D7B2-2AA1-4587-8FDF-E381F49CF08B}.Release|Any CPU.ActiveCfg = Release|Any CPU
		{A480D7B2-2AA1-4587-8FDF-E381F49CF08B}.Release|Any CPU.Build.0 = Release|Any CPU
		{A4BD6554-FDA1-4452-95C1-D1994CA3C6B8}.Debug|Any CPU.ActiveCfg = Debug|Any CPU
		{A4BD6554-FDA1-4452-95C1-D1994CA3C6B8}.Debug|Any CPU.Build.0 = Debug|Any CPU
		{A4BD6554-FDA1-4452-95C1-D1994CA3C6B8}.Release|Any CPU.ActiveCfg = Release|Any CPU
		{A4BD6554-FDA1-4452-95C1-D1994CA3C6B8}.Release|Any CPU.Build.0 = Release|Any CPU
	EndGlobalSection
	GlobalSection(SolutionProperties) = preSolution
		HideSolutionNode = FALSE
	EndGlobalSection
	GlobalSection(NestedProjects) = preSolution
		{53DDCE5F-6BAF-454B-B499-E7E4D160D93C} = {D9BFE19F-0E32-4F0E-9254-328B235FAFBB}
		{5F3270EA-1CEC-4155-B4C3-7C19574F480D} = {D9BFE19F-0E32-4F0E-9254-328B235FAFBB}
		{07AE09D4-D4F3-4181-AE27-B2F0CD00B69C} = {BA1118D7-8A55-4C78-8A4B-452C8453B39A}
		{7092AD6E-98AF-4BB3-AB9C-A0FA858E8B0C} = {C5488C81-B45E-4DAD-ACFE-85686AEF3ED0}
		{A480D7B2-2AA1-4587-8FDF-E381F49CF08B} = {6599235A-8EAC-49D1-9463-80F04A190C36}
		{A4BD6554-FDA1-4452-95C1-D1994CA3C6B8} = {6599235A-8EAC-49D1-9463-80F04A190C36}
	EndGlobalSection
	GlobalSection(ExtensibilityGlobals) = postSolution
		SolutionGuid = {A58C314E-6596-449D-9C63-885FA17293B6}
	EndGlobalSection
EndGlobal
