
Microsoft Visual Studio Solution File, Format Version 12.00
# Visual Studio Version 16
VisualStudioVersion = 16.0.29209.62
MinimumVisualStudioVersion = 10.0.40219.1
Project("{2150E333-8FDC-42A3-9474-1A3956D46DE8}") = "BLL", "BLL", "{4E1A988F-90D6-48BB-9E90-172DA3C7EE09}"
EndProject
Project("{2150E333-8FDC-42A3-9474-1A3956D46DE8}") = "DAL", "DAL", "{96DDF277-9F8B-4754-A825-979F1E680D6F}"
EndProject
Project("{2150E333-8FDC-42A3-9474-1A3956D46DE8}") = "PL", "PL", "{BB966971-7556-41CB-97F5-B84811BFD63B}"
EndProject
Project("{2150E333-8FDC-42A3-9474-1A3956D46DE8}") = "Common", "Common", "{B401E22F-5496-45F2-9EF7-044172EA8FDE}"
EndProject
Project("{FAE04EC0-301F-11D3-BF4B-00C04F79EFBC}") = "Epam.MyDrive.Entities", "Epam.MyDrive.Entities\Epam.MyDrive.Entities.csproj", "{F1738900-53D7-4744-83A6-56E28236B608}"
EndProject
Project("{FAE04EC0-301F-11D3-BF4B-00C04F79EFBC}") = "Epam.MyDrive.Common", "Epam.MyDrive.Common\Epam.MyDrive.Common.csproj", "{7B74D08C-3B0C-4165-9126-BAA495EDD16C}"
EndProject
Project("{FAE04EC0-301F-11D3-BF4B-00C04F79EFBC}") = "Epam.MyDrive.BLL", "Epam.MyDrive.BLL\Epam.MyDrive.BLL.csproj", "{9E786E52-BEA1-438A-8A82-80C3D2EA820E}"
EndProject
Project("{FAE04EC0-301F-11D3-BF4B-00C04F79EFBC}") = "Epam.MyDrive.BLL.Interfaces", "Epam.MyDrive.BLL.Interfaces\Epam.MyDrive.BLL.Interfaces.csproj", "{56607A16-3DC0-44BE-8773-29A4A6F8F68F}"
EndProject
Project("{FAE04EC0-301F-11D3-BF4B-00C04F79EFBC}") = "Epam.MyDrive.DAL", "Epam.MyDrive.DAL\Epam.MyDrive.DAL.csproj", "{D0609F43-A2F4-4917-8345-42F733251895}"
EndProject
Project("{FAE04EC0-301F-11D3-BF4B-00C04F79EFBC}") = "Epam.MyDrive.WEB", "Epam.MyDrive.WEB\Epam.MyDrive.WEB.csproj", "{374189FD-2C78-45CE-96C5-3386E5D895AB}"
EndProject
Project("{FAE04EC0-301F-11D3-BF4B-00C04F79EFBC}") = "Epam.MyDrive.DAL.Interfaces", "Epam.MyDrive.DAL.Interfaces\Epam.MyDrive.DAL.Interfaces.csproj", "{634DC563-F030-4F57-B421-03CD9537BD2B}"
EndProject
Global
	GlobalSection(SolutionConfigurationPlatforms) = preSolution
		Debug|Any CPU = Debug|Any CPU
		Release|Any CPU = Release|Any CPU
	EndGlobalSection
	GlobalSection(ProjectConfigurationPlatforms) = postSolution
		{F1738900-53D7-4744-83A6-56E28236B608}.Debug|Any CPU.ActiveCfg = Debug|Any CPU
		{F1738900-53D7-4744-83A6-56E28236B608}.Debug|Any CPU.Build.0 = Debug|Any CPU
		{F1738900-53D7-4744-83A6-56E28236B608}.Release|Any CPU.ActiveCfg = Release|Any CPU
		{F1738900-53D7-4744-83A6-56E28236B608}.Release|Any CPU.Build.0 = Release|Any CPU
		{7B74D08C-3B0C-4165-9126-BAA495EDD16C}.Debug|Any CPU.ActiveCfg = Debug|Any CPU
		{7B74D08C-3B0C-4165-9126-BAA495EDD16C}.Debug|Any CPU.Build.0 = Debug|Any CPU
		{7B74D08C-3B0C-4165-9126-BAA495EDD16C}.Release|Any CPU.ActiveCfg = Release|Any CPU
		{7B74D08C-3B0C-4165-9126-BAA495EDD16C}.Release|Any CPU.Build.0 = Release|Any CPU
		{9E786E52-BEA1-438A-8A82-80C3D2EA820E}.Debug|Any CPU.ActiveCfg = Debug|Any CPU
		{9E786E52-BEA1-438A-8A82-80C3D2EA820E}.Debug|Any CPU.Build.0 = Debug|Any CPU
		{9E786E52-BEA1-438A-8A82-80C3D2EA820E}.Release|Any CPU.ActiveCfg = Release|Any CPU
		{9E786E52-BEA1-438A-8A82-80C3D2EA820E}.Release|Any CPU.Build.0 = Release|Any CPU
		{56607A16-3DC0-44BE-8773-29A4A6F8F68F}.Debug|Any CPU.ActiveCfg = Debug|Any CPU
		{56607A16-3DC0-44BE-8773-29A4A6F8F68F}.Debug|Any CPU.Build.0 = Debug|Any CPU
		{56607A16-3DC0-44BE-8773-29A4A6F8F68F}.Release|Any CPU.ActiveCfg = Release|Any CPU
		{56607A16-3DC0-44BE-8773-29A4A6F8F68F}.Release|Any CPU.Build.0 = Release|Any CPU
		{D0609F43-A2F4-4917-8345-42F733251895}.Debug|Any CPU.ActiveCfg = Debug|Any CPU
		{D0609F43-A2F4-4917-8345-42F733251895}.Debug|Any CPU.Build.0 = Debug|Any CPU
		{D0609F43-A2F4-4917-8345-42F733251895}.Release|Any CPU.ActiveCfg = Release|Any CPU
		{D0609F43-A2F4-4917-8345-42F733251895}.Release|Any CPU.Build.0 = Release|Any CPU
		{374189FD-2C78-45CE-96C5-3386E5D895AB}.Debug|Any CPU.ActiveCfg = Debug|Any CPU
		{374189FD-2C78-45CE-96C5-3386E5D895AB}.Debug|Any CPU.Build.0 = Debug|Any CPU
		{374189FD-2C78-45CE-96C5-3386E5D895AB}.Release|Any CPU.ActiveCfg = Release|Any CPU
		{374189FD-2C78-45CE-96C5-3386E5D895AB}.Release|Any CPU.Build.0 = Release|Any CPU
		{634DC563-F030-4F57-B421-03CD9537BD2B}.Debug|Any CPU.ActiveCfg = Debug|Any CPU
		{634DC563-F030-4F57-B421-03CD9537BD2B}.Debug|Any CPU.Build.0 = Debug|Any CPU
		{634DC563-F030-4F57-B421-03CD9537BD2B}.Release|Any CPU.ActiveCfg = Release|Any CPU
		{634DC563-F030-4F57-B421-03CD9537BD2B}.Release|Any CPU.Build.0 = Release|Any CPU
	EndGlobalSection
	GlobalSection(SolutionProperties) = preSolution
		HideSolutionNode = FALSE
	EndGlobalSection
	GlobalSection(NestedProjects) = preSolution
		{F1738900-53D7-4744-83A6-56E28236B608} = {B401E22F-5496-45F2-9EF7-044172EA8FDE}
		{7B74D08C-3B0C-4165-9126-BAA495EDD16C} = {B401E22F-5496-45F2-9EF7-044172EA8FDE}
		{9E786E52-BEA1-438A-8A82-80C3D2EA820E} = {4E1A988F-90D6-48BB-9E90-172DA3C7EE09}
		{56607A16-3DC0-44BE-8773-29A4A6F8F68F} = {4E1A988F-90D6-48BB-9E90-172DA3C7EE09}
		{D0609F43-A2F4-4917-8345-42F733251895} = {96DDF277-9F8B-4754-A825-979F1E680D6F}
		{374189FD-2C78-45CE-96C5-3386E5D895AB} = {BB966971-7556-41CB-97F5-B84811BFD63B}
		{634DC563-F030-4F57-B421-03CD9537BD2B} = {96DDF277-9F8B-4754-A825-979F1E680D6F}
	EndGlobalSection
	GlobalSection(ExtensibilityGlobals) = postSolution
		SolutionGuid = {C098AC3A-61BB-4824-B98D-DE446ABBF217}
	EndGlobalSection
EndGlobal
