
Microsoft Visual Studio Solution File, Format Version 12.00
# Visual Studio Version 16
VisualStudioVersion = 16.0.29025.244
MinimumVisualStudioVersion = 10.0.40219.1
Project("{2150E333-8FDC-42A3-9474-1A3956D46DE8}") = "PL", "PL", "{6599235A-8EAC-49D1-9463-80F04A190C36}"
EndProject
Project("{2150E333-8FDC-42A3-9474-1A3956D46DE8}") = "BLL", "BLL", "{C5488C81-B45E-4DAD-ACFE-85686AEF3ED0}"
EndProject
Project("{2150E333-8FDC-42A3-9474-1A3956D46DE8}") = "DAL", "DAL", "{BA1118D7-8A55-4C78-8A4B-452C8453B39A}"
EndProject
Project("{2150E333-8FDC-42A3-9474-1A3956D46DE8}") = "Common", "Common", "{D9BFE19F-0E32-4F0E-9254-328B235FAFBB}"
EndProject
Project("{FAE04EC0-301F-11D3-BF4B-00C04F79EFBC}") = "6.1_Users_and_awards.PL", "6.1_Users_and_awards.PL\6.1_Users_and_awards.PL.csproj", "{A480D7B2-2AA1-4587-8FDF-E381F49CF08B}"
EndProject
Project("{FAE04EC0-301F-11D3-BF4B-00C04F79EFBC}") = "6.1_Users_and_awards.WEB", "6.1_Users_and_awards.WEB\6.1_Users_and_awards.WEB.csproj", "{A4BD6554-FDA1-4452-95C1-D1994CA3C6B8}"
EndProject
Project("{FAE04EC0-301F-11D3-BF4B-00C04F79EFBC}") = "6.1_UsersAndAwards.DAL", "6.1_UsersAndAwards.DAL\6.1_UsersAndAwards.DAL.csproj", "{5E28FECC-01F1-4BBF-A683-1546F7AE5EDF}"
EndProject
Project("{FAE04EC0-301F-11D3-BF4B-00C04F79EFBC}") = "IUsersAndAwards.BLL.Interfaces", "IUsersAndAwards.BLL.Interfaces\IUsersAndAwards.BLL.Interfaces.csproj", "{5BA58A31-36CB-4104-AFC2-0A74C25C1602}"
EndProject
Project("{FAE04EC0-301F-11D3-BF4B-00C04F79EFBC}") = "IUsersAndAwards.DAL.Interfaces", "IUsersAndAwards.DAL.Interfaces\IUsersAndAwards.DAL.Interfaces.csproj", "{E05540A9-8B1A-4F3B-A458-B1F12A64CBE4}"
EndProject
Project("{FAE04EC0-301F-11D3-BF4B-00C04F79EFBC}") = "UsersAndAwards.BLL", "UsersAndAwards.BLL\UsersAndAwards.BLL.csproj", "{F29B47CC-80BC-4A00-8498-C3B0FEE51D48}"
EndProject
Project("{FAE04EC0-301F-11D3-BF4B-00C04F79EFBC}") = "UsersAndAwards.Common", "UsersAndAwards.Common\UsersAndAwards.Common.csproj", "{1EE5F7F8-1E97-4E98-A7E2-CCB74C6643F3}"
EndProject
Project("{FAE04EC0-301F-11D3-BF4B-00C04F79EFBC}") = "UsersAndAwards.Entities", "UsersAndAwards.Entities\UsersAndAwards.Entities.csproj", "{3208ECF5-BE6D-4C75-8C6D-6688C5A32D14}"
EndProject
Global
	GlobalSection(SolutionConfigurationPlatforms) = preSolution
		Debug|Any CPU = Debug|Any CPU
		Release|Any CPU = Release|Any CPU
	EndGlobalSection
	GlobalSection(ProjectConfigurationPlatforms) = postSolution
		{A480D7B2-2AA1-4587-8FDF-E381F49CF08B}.Debug|Any CPU.ActiveCfg = Debug|Any CPU
		{A480D7B2-2AA1-4587-8FDF-E381F49CF08B}.Debug|Any CPU.Build.0 = Debug|Any CPU
		{A480D7B2-2AA1-4587-8FDF-E381F49CF08B}.Release|Any CPU.ActiveCfg = Release|Any CPU
		{A480D7B2-2AA1-4587-8FDF-E381F49CF08B}.Release|Any CPU.Build.0 = Release|Any CPU
		{A4BD6554-FDA1-4452-95C1-D1994CA3C6B8}.Debug|Any CPU.ActiveCfg = Debug|Any CPU
		{A4BD6554-FDA1-4452-95C1-D1994CA3C6B8}.Debug|Any CPU.Build.0 = Debug|Any CPU
		{A4BD6554-FDA1-4452-95C1-D1994CA3C6B8}.Release|Any CPU.ActiveCfg = Release|Any CPU
		{A4BD6554-FDA1-4452-95C1-D1994CA3C6B8}.Release|Any CPU.Build.0 = Release|Any CPU
		{5E28FECC-01F1-4BBF-A683-1546F7AE5EDF}.Debug|Any CPU.ActiveCfg = Debug|Any CPU
		{5E28FECC-01F1-4BBF-A683-1546F7AE5EDF}.Debug|Any CPU.Build.0 = Debug|Any CPU
		{5E28FECC-01F1-4BBF-A683-1546F7AE5EDF}.Release|Any CPU.ActiveCfg = Release|Any CPU
		{5E28FECC-01F1-4BBF-A683-1546F7AE5EDF}.Release|Any CPU.Build.0 = Release|Any CPU
		{5BA58A31-36CB-4104-AFC2-0A74C25C1602}.Debug|Any CPU.ActiveCfg = Debug|Any CPU
		{5BA58A31-36CB-4104-AFC2-0A74C25C1602}.Debug|Any CPU.Build.0 = Debug|Any CPU
		{5BA58A31-36CB-4104-AFC2-0A74C25C1602}.Release|Any CPU.ActiveCfg = Release|Any CPU
		{5BA58A31-36CB-4104-AFC2-0A74C25C1602}.Release|Any CPU.Build.0 = Release|Any CPU
		{E05540A9-8B1A-4F3B-A458-B1F12A64CBE4}.Debug|Any CPU.ActiveCfg = Debug|Any CPU
		{E05540A9-8B1A-4F3B-A458-B1F12A64CBE4}.Debug|Any CPU.Build.0 = Debug|Any CPU
		{E05540A9-8B1A-4F3B-A458-B1F12A64CBE4}.Release|Any CPU.ActiveCfg = Release|Any CPU
		{E05540A9-8B1A-4F3B-A458-B1F12A64CBE4}.Release|Any CPU.Build.0 = Release|Any CPU
		{F29B47CC-80BC-4A00-8498-C3B0FEE51D48}.Debug|Any CPU.ActiveCfg = Debug|Any CPU
		{F29B47CC-80BC-4A00-8498-C3B0FEE51D48}.Debug|Any CPU.Build.0 = Debug|Any CPU
		{F29B47CC-80BC-4A00-8498-C3B0FEE51D48}.Release|Any CPU.ActiveCfg = Release|Any CPU
		{F29B47CC-80BC-4A00-8498-C3B0FEE51D48}.Release|Any CPU.Build.0 = Release|Any CPU
		{1EE5F7F8-1E97-4E98-A7E2-CCB74C6643F3}.Debug|Any CPU.ActiveCfg = Debug|Any CPU
		{1EE5F7F8-1E97-4E98-A7E2-CCB74C6643F3}.Debug|Any CPU.Build.0 = Debug|Any CPU
		{1EE5F7F8-1E97-4E98-A7E2-CCB74C6643F3}.Release|Any CPU.ActiveCfg = Release|Any CPU
		{1EE5F7F8-1E97-4E98-A7E2-CCB74C6643F3}.Release|Any CPU.Build.0 = Release|Any CPU
		{3208ECF5-BE6D-4C75-8C6D-6688C5A32D14}.Debug|Any CPU.ActiveCfg = Debug|Any CPU
		{3208ECF5-BE6D-4C75-8C6D-6688C5A32D14}.Debug|Any CPU.Build.0 = Debug|Any CPU
		{3208ECF5-BE6D-4C75-8C6D-6688C5A32D14}.Release|Any CPU.ActiveCfg = Release|Any CPU
		{3208ECF5-BE6D-4C75-8C6D-6688C5A32D14}.Release|Any CPU.Build.0 = Release|Any CPU
	EndGlobalSection
	GlobalSection(SolutionProperties) = preSolution
		HideSolutionNode = FALSE
	EndGlobalSection
	GlobalSection(NestedProjects) = preSolution
		{A480D7B2-2AA1-4587-8FDF-E381F49CF08B} = {6599235A-8EAC-49D1-9463-80F04A190C36}
		{A4BD6554-FDA1-4452-95C1-D1994CA3C6B8} = {6599235A-8EAC-49D1-9463-80F04A190C36}
		{5E28FECC-01F1-4BBF-A683-1546F7AE5EDF} = {BA1118D7-8A55-4C78-8A4B-452C8453B39A}
		{5BA58A31-36CB-4104-AFC2-0A74C25C1602} = {C5488C81-B45E-4DAD-ACFE-85686AEF3ED0}
		{E05540A9-8B1A-4F3B-A458-B1F12A64CBE4} = {BA1118D7-8A55-4C78-8A4B-452C8453B39A}
		{F29B47CC-80BC-4A00-8498-C3B0FEE51D48} = {C5488C81-B45E-4DAD-ACFE-85686AEF3ED0}
		{1EE5F7F8-1E97-4E98-A7E2-CCB74C6643F3} = {D9BFE19F-0E32-4F0E-9254-328B235FAFBB}
		{3208ECF5-BE6D-4C75-8C6D-6688C5A32D14} = {D9BFE19F-0E32-4F0E-9254-328B235FAFBB}
	EndGlobalSection
	GlobalSection(ExtensibilityGlobals) = postSolution
		SolutionGuid = {A58C314E-6596-449D-9C63-885FA17293B6}
	EndGlobalSection
EndGlobal
