
Microsoft Visual Studio Solution File, Format Version 12.00
# Visual Studio Version 16
VisualStudioVersion = 16.0.29025.244
MinimumVisualStudioVersion = 10.0.40219.1
Project("{FAE04EC0-301F-11D3-BF4B-00C04F79EFBC}") = "5.1_Backup_system", "5.1_Backup_system\5.1_Backup_system.csproj", "{945BDDAC-920F-4720-A9FC-FF5A225C4350}"
EndProject
Global
	GlobalSection(SolutionConfigurationPlatforms) = preSolution
		Debug|Any CPU = Debug|Any CPU
		Release|Any CPU = Release|Any CPU
	EndGlobalSection
	GlobalSection(ProjectConfigurationPlatforms) = postSolution
		{945BDDAC-920F-4720-A9FC-FF5A225C4350}.Debug|Any CPU.ActiveCfg = Debug|Any CPU
		{945BDDAC-920F-4720-A9FC-FF5A225C4350}.Debug|Any CPU.Build.0 = Debug|Any CPU
		{945BDDAC-920F-4720-A9FC-FF5A225C4350}.Release|Any CPU.ActiveCfg = Release|Any CPU
		{945BDDAC-920F-4720-A9FC-FF5A225C4350}.Release|Any CPU.Build.0 = Release|Any CPU
	EndGlobalSection
	GlobalSection(SolutionProperties) = preSolution
		HideSolutionNode = FALSE
	EndGlobalSection
	GlobalSection(ExtensibilityGlobals) = postSolution
		SolutionGuid = {4D5D689A-6DFD-4AA1-80AB-E919860F8E6E}
	EndGlobalSection
EndGlobal
